<?xml version="1.0" encoding="utf-8"?>
<Project ToolsVersion="4.0" xmlns="http://schemas.microsoft.com/developer/msbuild/2003">
  <ItemGroup>
    <Filter Include="Ressourcendateien">
      <UniqueIdentifier>{67DA6AB6-F800-4c08-8B7A-83BB121AAD01}</UniqueIdentifier>
      <Extensions>rc;ico;cur;bmp;dlg;rc2;rct;bin;rgs;gif;jpg;jpeg;jpe;resx;tiff;tif;png;wav;mfcribbon-ms</Extensions>
    </Filter>
    <Filter Include="Quelldateien">
      <UniqueIdentifier>{93995380-89BD-4b04-88EB-625FBE52EBFB}</UniqueIdentifier>
      <Extensions>h;hh;hpp;hxx;hm;inl;inc;ipp;xsd</Extensions>
    </Filter>
    <Filter Include="Quelldateien\main">
      <UniqueIdentifier>{0628b773-45b0-4e56-bd2b-97e61c584dbd}</UniqueIdentifier>
    </Filter>
    <Filter Include="Quelldateien\AConfigFIleLib">
      <UniqueIdentifier>{14de71d2-abbd-4706-8d84-dd2ea278b046}</UniqueIdentifier>
    </Filter>
  </ItemGroup>
  <ItemGroup>
    <ClCompile Include="AConfigFileLib.cpp">
      <Filter>Quelldateien\AConfigFIleLib</Filter>
    </ClCompile>
    <ClCompile Include="main.cpp">
      <Filter>Quelldateien\main</Filter>
    </ClCompile>
  </ItemGroup>
  <ItemGroup>
    <ClInclude Include="AConfigFileLib.hpp">
      <Filter>Quelldateien\AConfigFIleLib</Filter>
    </ClInclude>
  </ItemGroup>
</Project>